
Microsoft Visual Studio Solution File, Format Version 12.00
# Visual Studio Version 16
VisualStudioVersion = 16.0.29001.49
MinimumVisualStudioVersion = 10.0.40219.1
Project("{FAE04EC0-301F-11D3-BF4B-00C04F79EFBC}") = "ExamenPrimerParcial", "ExamenPrimerParcial\ExamenPrimerParcial.csproj", "{99F41A92-7EEF-45FB-8EE9-C6CB5F26E7F1}"
EndProject
Global
	GlobalSection(SolutionConfigurationPlatforms) = preSolution
		Debug|Any CPU = Debug|Any CPU
		Release|Any CPU = Release|Any CPU
	EndGlobalSection
	GlobalSection(ProjectConfigurationPlatforms) = postSolution
		{99F41A92-7EEF-45FB-8EE9-C6CB5F26E7F1}.Debug|Any CPU.ActiveCfg = Debug|Any CPU
		{99F41A92-7EEF-45FB-8EE9-C6CB5F26E7F1}.Debug|Any CPU.Build.0 = Debug|Any CPU
		{99F41A92-7EEF-45FB-8EE9-C6CB5F26E7F1}.Release|Any CPU.ActiveCfg = Release|Any CPU
		{99F41A92-7EEF-45FB-8EE9-C6CB5F26E7F1}.Release|Any CPU.Build.0 = Release|Any CPU
	EndGlobalSection
	GlobalSection(SolutionProperties) = preSolution
		HideSolutionNode = FALSE
	EndGlobalSection
	GlobalSection(ExtensibilityGlobals) = postSolution
		SolutionGuid = {70E4D3B5-5AC1-47D3-A8C1-9F4C1F8183E1}
	EndGlobalSection
EndGlobal
